// !$*UTF8*$!
{
	archiveVersion = 1;
	classes = {
	};
	objectVersion = 77;
	objects = {

/* Begin PBXBuildFile section */
		CB85902A2DBAD0290040FFBB /* .gitignore in Resources */ = {isa = PBXBuildFile; fileRef = CB8590292DBAD0230040FFBB /* .gitignore */; };
		CB8590612DBAFC700040FFBB /* Supabase in Frameworks */ = {isa = PBXBuildFile; productRef = CB8590602DBAFC700040FFBB /* Supabase */; };
/* End PBXBuildFile section */

/* Begin PBXContainerItemProxy section */
		CBC67F2C2DBAC8960021EADD /* PBXContainerItemProxy */ = {
			isa = PBXContainerItemProxy;
			containerPortal = CBC67F162DBAC8960021EADD /* Project object */;
			proxyType = 1;
			remoteGlobalIDString = CBC67F1D2DBAC8960021EADD;
			remoteInfo = LeafLens;
		};
		CBC67F362DBAC8960021EADD /* PBXContainerItemProxy */ = {
			isa = PBXContainerItemProxy;
			containerPortal = CBC67F162DBAC8960021EADD /* Project object */;
			proxyType = 1;
			remoteGlobalIDString = CBC67F1D2DBAC8960021EADD;
			remoteInfo = LeafLens;
		};
/* End PBXContainerItemProxy section */

/* Begin PBXFileReference section */
		CB8590292DBAD0230040FFBB /* .gitignore */ = {isa = PBXFileReference; lastKnownFileType = text; path = .gitignore; sourceTree = "<group>"; };
		CBC67F1E2DBAC8960021EADD /* LeafLens.app */ = {isa = PBXFileReference; explicitFileType = wrapper.application; includeInIndex = 0; path = LeafLens.app; sourceTree = BUILT_PRODUCTS_DIR; };
		CBC67F2B2DBAC8960021EADD /* LeafLensTests.xctest */ = {isa = PBXFileReference; explicitFileType = wrapper.cfbundle; includeInIndex = 0; path = LeafLensTests.xctest; sourceTree = BUILT_PRODUCTS_DIR; };
		CBC67F352DBAC8960021EADD /* LeafLensUITests.xctest */ = {isa = PBXFileReference; explicitFileType = wrapper.cfbundle; includeInIndex = 0; path = LeafLensUITests.xctest; sourceTree = BUILT_PRODUCTS_DIR; };
/* End PBXFileReference section */

/* Begin PBXFileSystemSynchronizedRootGroup section */
		CBC67F202DBAC8960021EADD /* LeafLens */ = {
			isa = PBXFileSystemSynchronizedRootGroup;
			path = LeafLens;
			sourceTree = "<group>";
		};
		CBC67F2E2DBAC8960021EADD /* LeafLensTests */ = {
			isa = PBXFileSystemSynchronizedRootGroup;
			path = LeafLensTests;
			sourceTree = "<group>";
		};
		CBC67F382DBAC8960021EADD /* LeafLensUITests */ = {
			isa = PBXFileSystemSynchronizedRootGroup;
			path = LeafLensUITests;
			sourceTree = "<group>";
		};
/* End PBXFileSystemSynchronizedRootGroup section */

/* Begin PBXFrameworksBuildPhase section */
		CBC67F1B2DBAC8960021EADD /* Frameworks */ = {
			isa = PBXFrameworksBuildPhase;
			buildActionMask = 2147483647;
			files = (
				CB8590612DBAFC700040FFBB /* Supabase in Frameworks */,
			);
			runOnlyForDeploymentPostprocessing = 0;
		};
		CBC67F282DBAC8960021EADD /* Frameworks */ = {
			isa = PBXFrameworksBuildPhase;
			buildActionMask = 2147483647;
			files = (
			);
			runOnlyForDeploymentPostprocessing = 0;
		};
		CBC67F322DBAC8960021EADD /* Frameworks */ = {
			isa = PBXFrameworksBuildPhase;
			buildActionMask = 2147483647;
			files = (
			);
			runOnlyForDeploymentPostprocessing = 0;
		};
/* End PBXFrameworksBuildPhase section */

/* Begin PBXGroup section */
		CB85905F2DBAFC700040FFBB /* Frameworks */ = {
			isa = PBXGroup;
			children = (
			);
			name = Frameworks;
			sourceTree = "<group>";
		};
		CBC67F152DBAC8960021EADD = {
			isa = PBXGroup;
			children = (
				CB8590292DBAD0230040FFBB /* .gitignore */,
				CBC67F202DBAC8960021EADD /* LeafLens */,
				CBC67F2E2DBAC8960021EADD /* LeafLensTests */,
				CBC67F382DBAC8960021EADD /* LeafLensUITests */,
				CB85905F2DBAFC700040FFBB /* Frameworks */,
				CBC67F1F2DBAC8960021EADD /* Products */,
			);
			sourceTree = "<group>";
		};
		CBC67F1F2DBAC8960021EADD /* Products */ = {
			isa = PBXGroup;
			children = (
				CBC67F1E2DBAC8960021EADD /* LeafLens.app */,
				CBC67F2B2DBAC8960021EADD /* LeafLensTests.xctest */,
				CBC67F352DBAC8960021EADD /* LeafLensUITests.xctest */,
			);
			name = Products;
			sourceTree = "<group>";
		};
/* End PBXGroup section */

/* Begin PBXNativeTarget section */
		CBC67F1D2DBAC8960021EADD /* LeafLens */ = {
			isa = PBXNativeTarget;
			buildConfigurationList = CBC67F3F2DBAC8960021EADD /* Build configuration list for PBXNativeTarget "LeafLens" */;
			buildPhases = (
				CBC67F1A2DBAC8960021EADD /* Sources */,
				CBC67F1B2DBAC8960021EADD /* Frameworks */,
				CBC67F1C2DBAC8960021EADD /* Resources */,
			);
			buildRules = (
			);
			dependencies = (
			);
			fileSystemSynchronizedGroups = (
				CBC67F202DBAC8960021EADD /* LeafLens */,
			);
			name = LeafLens;
			packageProductDependencies = (
				CB8590602DBAFC700040FFBB /* Supabase */,
			);
			productName = LeafLens;
			productReference = CBC67F1E2DBAC8960021EADD /* LeafLens.app */;
			productType = "com.apple.product-type.application";
		};
		CBC67F2A2DBAC8960021EADD /* LeafLensTests */ = {
			isa = PBXNativeTarget;
			buildConfigurationList = CBC67F422DBAC8960021EADD /* Build configuration list for PBXNativeTarget "LeafLensTests" */;
			buildPhases = (
				CBC67F272DBAC8960021EADD /* Sources */,
				CBC67F282DBAC8960021EADD /* Frameworks */,
				CBC67F292DBAC8960021EADD /* Resources */,
			);
			buildRules = (
			);
			dependencies = (
				CBC67F2D2DBAC8960021EADD /* PBXTargetDependency */,
			);
			fileSystemSynchronizedGroups = (
				CBC67F2E2DBAC8960021EADD /* LeafLensTests */,
			);
			name = LeafLensTests;
			packageProductDependencies = (
			);
			productName = LeafLensTests;
			productReference = CBC67F2B2DBAC8960021EADD /* LeafLensTests.xctest */;
			productType = "com.apple.product-type.bundle.unit-test";
		};
		CBC67F342DBAC8960021EADD /* LeafLensUITests */ = {
			isa = PBXNativeTarget;
			buildConfigurationList = CBC67F452DBAC8960021EADD /* Build configuration list for PBXNativeTarget "LeafLensUITests" */;
			buildPhases = (
				CBC67F312DBAC8960021EADD /* Sources */,
				CBC67F322DBAC8960021EADD /* Frameworks */,
				CBC67F332DBAC8960021EADD /* Resources */,
			);
			buildRules = (
			);
			dependencies = (
				CBC67F372DBAC8960021EADD /* PBXTargetDependency */,
			);
			fileSystemSynchronizedGroups = (
				CBC67F382DBAC8960021EADD /* LeafLensUITests */,
			);
			name = LeafLensUITests;
			packageProductDependencies = (
			);
			productName = LeafLensUITests;
			productReference = CBC67F352DBAC8960021EADD /* LeafLensUITests.xctest */;
			productType = "com.apple.product-type.bundle.ui-testing";
		};
/* End PBXNativeTarget section */

/* Begin PBXProject section */
		CBC67F162DBAC8960021EADD /* Project object */ = {
			isa = PBXProject;
			attributes = {
				BuildIndependentTargetsInParallel = 1;
				LastSwiftUpdateCheck = 1630;
				LastUpgradeCheck = 1630;
				TargetAttributes = {
					CBC67F1D2DBAC8960021EADD = {
						CreatedOnToolsVersion = 16.3;
					};
					CBC67F2A2DBAC8960021EADD = {
						CreatedOnToolsVersion = 16.3;
						TestTargetID = CBC67F1D2DBAC8960021EADD;
					};
					CBC67F342DBAC8960021EADD = {
						CreatedOnToolsVersion = 16.3;
						TestTargetID = CBC67F1D2DBAC8960021EADD;
					};
				};
			};
			buildConfigurationList = CBC67F192DBAC8960021EADD /* Build configuration list for PBXProject "LeafLens" */;
			developmentRegion = en;
			hasScannedForEncodings = 0;
			knownRegions = (
				en,
				Base,
			);
			mainGroup = CBC67F152DBAC8960021EADD;
			minimizedProjectReferenceProxies = 1;
			packageReferences = (
				CB85905B2DBAFB1C0040FFBB /* XCRemoteSwiftPackageReference "supabase-swift" */,
			);
			preferredProjectObjectVersion = 77;
			productRefGroup = CBC67F1F2DBAC8960021EADD /* Products */;
			projectDirPath = "";
			projectRoot = "";
			targets = (
				CBC67F1D2DBAC8960021EADD /* LeafLens */,
				CBC67F2A2DBAC8960021EADD /* LeafLensTests */,
				CBC67F342DBAC8960021EADD /* LeafLensUITests */,
			);
		};
/* End PBXProject section */

/* Begin PBXResourcesBuildPhase section */
		CBC67F1C2DBAC8960021EADD /* Resources */ = {
			isa = PBXResourcesBuildPhase;
			buildActionMask = 2147483647;
			files = (
				CB85902A2DBAD0290040FFBB /* .gitignore in Resources */,
			);
			runOnlyForDeploymentPostprocessing = 0;
		};
		CBC67F292DBAC8960021EADD /* Resources */ = {
			isa = PBXResourcesBuildPhase;
			buildActionMask = 2147483647;
			files = (
			);
			runOnlyForDeploymentPostprocessing = 0;
		};
		CBC67F332DBAC8960021EADD /* Resources */ = {
			isa = PBXResourcesBuildPhase;
			buildActionMask = 2147483647;
			files = (
			);
			runOnlyForDeploymentPostprocessing = 0;
		};
/* End PBXResourcesBuildPhase section */

/* Begin PBXSourcesBuildPhase section */
		CBC67F1A2DBAC8960021EADD /* Sources */ = {
			isa = PBXSourcesBuildPhase;
			buildActionMask = 2147483647;
			files = (
			);
			runOnlyForDeploymentPostprocessing = 0;
		};
		CBC67F272DBAC8960021EADD /* Sources */ = {
			isa = PBXSourcesBuildPhase;
			buildActionMask = 2147483647;
			files = (
			);
			runOnlyForDeploymentPostprocessing = 0;
		};
		CBC67F312DBAC8960021EADD /* Sources */ = {
			isa = PBXSourcesBuildPhase;
			buildActionMask = 2147483647;
			files = (
			);
			runOnlyForDeploymentPostprocessing = 0;
		};
/* End PBXSourcesBuildPhase section */

/* Begin PBXTargetDependency section */
		CBC67F2D2DBAC8960021EADD /* PBXTargetDependency */ = {
			isa = PBXTargetDependency;
			target = CBC67F1D2DBAC8960021EADD /* LeafLens */;
			targetProxy = CBC67F2C2DBAC8960021EADD /* PBXContainerItemProxy */;
		};
		CBC67F372DBAC8960021EADD /* PBXTargetDependency */ = {
			isa = PBXTargetDependency;
			target = CBC67F1D2DBAC8960021EADD /* LeafLens */;
			targetProxy = CBC67F362DBAC8960021EADD /* PBXContainerItemProxy */;
		};
/* End PBXTargetDependency section */

/* Begin XCBuildConfiguration section */
		CBC67F3D2DBAC8960021EADD /* Debug */ = {
			isa = XCBuildConfiguration;
			buildSettings = {
				ALWAYS_SEARCH_USER_PATHS = NO;
				ASSETCATALOG_COMPILER_GENERATE_SWIFT_ASSET_SYMBOL_EXTENSIONS = YES;
				CLANG_ANALYZER_NONNULL = YES;
				CLANG_ANALYZER_NUMBER_OBJECT_CONVERSION = YES_AGGRESSIVE;
				CLANG_CXX_LANGUAGE_STANDARD = "gnu++20";
				CLANG_ENABLE_MODULES = YES;
				CLANG_ENABLE_OBJC_ARC = YES;
				CLANG_ENABLE_OBJC_WEAK = YES;
				CLANG_WARN_BLOCK_CAPTURE_AUTORELEASING = YES;
				CLANG_WARN_BOOL_CONVERSION = YES;
				CLANG_WARN_COMMA = YES;
				CLANG_WARN_CONSTANT_CONVERSION = YES;
				CLANG_WARN_DEPRECATED_OBJC_IMPLEMENTATIONS = YES;
				CLANG_WARN_DIRECT_OBJC_ISA_USAGE = YES_ERROR;
				CLANG_WARN_DOCUMENTATION_COMMENTS = YES;
				CLANG_WARN_EMPTY_BODY = YES;
				CLANG_WARN_ENUM_CONVERSION = YES;
				CLANG_WARN_INFINITE_RECURSION = YES;
				CLANG_WARN_INT_CONVERSION = YES;
				CLANG_WARN_NON_LITERAL_NULL_CONVERSION = YES;
				CLANG_WARN_OBJC_IMPLICIT_RETAIN_SELF = YES;
				CLANG_WARN_OBJC_LITERAL_CONVERSION = YES;
				CLANG_WARN_OBJC_ROOT_CLASS = YES_ERROR;
				CLANG_WARN_QUOTED_INCLUDE_IN_FRAMEWORK_HEADER = YES;
				CLANG_WARN_RANGE_LOOP_ANALYSIS = YES;
				CLANG_WARN_STRICT_PROTOTYPES = YES;
				CLANG_WARN_SUSPICIOUS_MOVE = YES;
				CLANG_WARN_UNGUARDED_AVAILABILITY = YES_AGGRESSIVE;
				CLANG_WARN_UNREACHABLE_CODE = YES;
				CLANG_WARN__DUPLICATE_METHOD_MATCH = YES;
				COPY_PHASE_STRIP = NO;
				DEBUG_INFORMATION_FORMAT = dwarf;
				DEVELOPMENT_TEAM = 4G867C2363;
				ENABLE_STRICT_OBJC_MSGSEND = YES;
				ENABLE_TESTABILITY = YES;
				ENABLE_USER_SCRIPT_SANDBOXING = YES;
				GCC_C_LANGUAGE_STANDARD = gnu17;
				GCC_DYNAMIC_NO_PIC = NO;
				GCC_NO_COMMON_BLOCKS = YES;
				GCC_OPTIMIZATION_LEVEL = 0;
				GCC_PREPROCESSOR_DEFINITIONS = (
					"DEBUG=1",
					"$(inherited)",
				);
				GCC_WARN_64_TO_32_BIT_CONVERSION = YES;
				GCC_WARN_ABOUT_RETURN_TYPE = YES_ERROR;
				GCC_WARN_UNDECLARED_SELECTOR = YES;
				GCC_WARN_UNINITIALIZED_AUTOS = YES_AGGRESSIVE;
				GCC_WARN_UNUSED_FUNCTION = YES;
				GCC_WARN_UNUSED_VARIABLE = YES;
				IPHONEOS_DEPLOYMENT_TARGET = 18.4;
				LOCALIZATION_PREFERS_STRING_CATALOGS = YES;
				MTL_ENABLE_DEBUG_INFO = INCLUDE_SOURCE;
				MTL_FAST_MATH = YES;
				ONLY_ACTIVE_ARCH = YES;
				SDKROOT = iphoneos;
				SWIFT_ACTIVE_COMPILATION_CONDITIONS = "DEBUG $(inherited)";
				SWIFT_OPTIMIZATION_LEVEL = "-Onone";
			};
			name = Debug;
		};
		CBC67F3E2DBAC8960021EADD /* Release */ = {
			isa = XCBuildConfiguration;
			buildSettings = {
				ALWAYS_SEARCH_USER_PATHS = NO;
				ASSETCATALOG_COMPILER_GENERATE_SWIFT_ASSET_SYMBOL_EXTENSIONS = YES;
				CLANG_ANALYZER_NONNULL = YES;
				CLANG_ANALYZER_NUMBER_OBJECT_CONVERSION = YES_AGGRESSIVE;
				CLANG_CXX_LANGUAGE_STANDARD = "gnu++20";
				CLANG_ENABLE_MODULES = YES;
				CLANG_ENABLE_OBJC_ARC = YES;
				CLANG_ENABLE_OBJC_WEAK = YES;
				CLANG_WARN_BLOCK_CAPTURE_AUTORELEASING = YES;
				CLANG_WARN_BOOL_CONVERSION = YES;
				CLANG_WARN_COMMA = YES;
				CLANG_WARN_CONSTANT_CONVERSION = YES;
				CLANG_WARN_DEPRECATED_OBJC_IMPLEMENTATIONS = YES;
				CLANG_WARN_DIRECT_OBJC_ISA_USAGE = YES_ERROR;
				CLANG_WARN_DOCUMENTATION_COMMENTS = YES;
				CLANG_WARN_EMPTY_BODY = YES;
				CLANG_WARN_ENUM_CONVERSION = YES;
				CLANG_WARN_INFINITE_RECURSION = YES;
				CLANG_WARN_INT_CONVERSION = YES;
				CLANG_WARN_NON_LITERAL_NULL_CONVERSION = YES;
				CLANG_WARN_OBJC_IMPLICIT_RETAIN_SELF = YES;
				CLANG_WARN_OBJC_LITERAL_CONVERSION = YES;
				CLANG_WARN_OBJC_ROOT_CLASS = YES_ERROR;
				CLANG_WARN_QUOTED_INCLUDE_IN_FRAMEWORK_HEADER = YES;
				CLANG_WARN_RANGE_LOOP_ANALYSIS = YES;
				CLANG_WARN_STRICT_PROTOTYPES = YES;
				CLANG_WARN_SUSPICIOUS_MOVE = YES;
				CLANG_WARN_UNGUARDED_AVAILABILITY = YES_AGGRESSIVE;
				CLANG_WARN_UNREACHABLE_CODE = YES;
				CLANG_WARN__DUPLICATE_METHOD_MATCH = YES;
				COPY_PHASE_STRIP = NO;
				DEBUG_INFORMATION_FORMAT = "dwarf-with-dsym";
				DEVELOPMENT_TEAM = 4G867C2363;
				ENABLE_NS_ASSERTIONS = NO;
				ENABLE_STRICT_OBJC_MSGSEND = YES;
				ENABLE_USER_SCRIPT_SANDBOXING = YES;
				GCC_C_LANGUAGE_STANDARD = gnu17;
				GCC_NO_COMMON_BLOCKS = YES;
				GCC_WARN_64_TO_32_BIT_CONVERSION = YES;
				GCC_WARN_ABOUT_RETURN_TYPE = YES_ERROR;
				GCC_WARN_UNDECLARED_SELECTOR = YES;
				GCC_WARN_UNINITIALIZED_AUTOS = YES_AGGRESSIVE;
				GCC_WARN_UNUSED_FUNCTION = YES;
				GCC_WARN_UNUSED_VARIABLE = YES;
				IPHONEOS_DEPLOYMENT_TARGET = 18.4;
				LOCALIZATION_PREFERS_STRING_CATALOGS = YES;
				MTL_ENABLE_DEBUG_INFO = NO;
				MTL_FAST_MATH = YES;
				SDKROOT = iphoneos;
				SWIFT_COMPILATION_MODE = wholemodule;
				VALIDATE_PRODUCT = YES;
			};
			name = Release;
		};
		CBC67F402DBAC8960021EADD /* Debug */ = {
			isa = XCBuildConfiguration;
			buildSettings = {
				ASSETCATALOG_COMPILER_APPICON_NAME = AppIcon;
				ASSETCATALOG_COMPILER_GLOBAL_ACCENT_COLOR_NAME = AccentColor;
				CODE_SIGN_STYLE = Automatic;
				CURRENT_PROJECT_VERSION = 1;
				DEVELOPMENT_TEAM = 4G867C2363;
				ENABLE_PREVIEWS = YES;
				GENERATE_INFOPLIST_FILE = YES;
				INFOPLIST_KEY_UIApplicationSceneManifest_Generation = YES;
				INFOPLIST_KEY_UIApplicationSupportsIndirectInputEvents = YES;
				INFOPLIST_KEY_UILaunchScreen_Generation = YES;
				INFOPLIST_KEY_UISupportedInterfaceOrientations_iPad = "UIInterfaceOrientationPortrait UIInterfaceOrientationPortraitUpsideDown UIInterfaceOrientationLandscapeLeft UIInterfaceOrientationLandscapeRight";
				INFOPLIST_KEY_UISupportedInterfaceOrientations_iPhone = "UIInterfaceOrientationPortrait UIInterfaceOrientationLandscapeLeft UIInterfaceOrientationLandscapeRight";
				LD_RUNPATH_SEARCH_PATHS = (
					"$(inherited)",
					"@executable_path/Frameworks",
				);
				MARKETING_VERSION = 1.0;
				PRODUCT_BUNDLE_IDENTIFIER = wgermansoftware.LeafLens;
				PRODUCT_NAME = "$(TARGET_NAME)";
				SWIFT_EMIT_LOC_STRINGS = YES;
				SWIFT_VERSION = 5.0;
				TARGETED_DEVICE_FAMILY = "1,2";
			};
			name = Debug;
		};
		CBC67F412DBAC8960021EADD /* Release */ = {
			isa = XCBuildConfiguration;
			buildSettings = {
				ASSETCATALOG_COMPILER_APPICON_NAME = AppIcon;
				ASSETCATALOG_COMPILER_GLOBAL_ACCENT_COLOR_NAME = AccentColor;
				CODE_SIGN_STYLE = Automatic;
				CURRENT_PROJECT_VERSION = 1;
				DEVELOPMENT_TEAM = 4G867C2363;
				ENABLE_PREVIEWS = YES;
				GENERATE_INFOPLIST_FILE = YES;
				INFOPLIST_KEY_UIApplicationSceneManifest_Generation = YES;
				INFOPLIST_KEY_UIApplicationSupportsIndirectInputEvents = YES;
				INFOPLIST_KEY_UILaunchScreen_Generation = YES;
				INFOPLIST_KEY_UISupportedInterfaceOrientations_iPad = "UIInterfaceOrientationPortrait UIInterfaceOrientationPortraitUpsideDown UIInterfaceOrientationLandscapeLeft UIInterfaceOrientationLandscapeRight";
				INFOPLIST_KEY_UISupportedInterfaceOrientations_iPhone = "UIInterfaceOrientationPortrait UIInterfaceOrientationLandscapeLeft UIInterfaceOrientationLandscapeRight";
				LD_RUNPATH_SEARCH_PATHS = (
					"$(inherited)",
					"@executable_path/Frameworks",
				);
				MARKETING_VERSION = 1.0;
				PRODUCT_BUNDLE_IDENTIFIER = wgermansoftware.LeafLens;
				PRODUCT_NAME = "$(TARGET_NAME)";
				SWIFT_EMIT_LOC_STRINGS = YES;
				SWIFT_VERSION = 5.0;
				TARGETED_DEVICE_FAMILY = "1,2";
			};
			name = Release;
		};
		CBC67F432DBAC8960021EADD /* Debug */ = {
			isa = XCBuildConfiguration;
			buildSettings = {
				BUNDLE_LOADER = "$(TEST_HOST)";
				CODE_SIGN_STYLE = Automatic;
				CURRENT_PROJECT_VERSION = 1;
				DEVELOPMENT_TEAM = 4G867C2363;
				GENERATE_INFOPLIST_FILE = YES;
				IPHONEOS_DEPLOYMENT_TARGET = 18.4;
				MARKETING_VERSION = 1.0;
				PRODUCT_BUNDLE_IDENTIFIER = wgermansoftware.LeafLensTests;
				PRODUCT_NAME = "$(TARGET_NAME)";
				SWIFT_EMIT_LOC_STRINGS = NO;
				SWIFT_VERSION = 5.0;
				TARGETED_DEVICE_FAMILY = "1,2";
				TEST_HOST = "$(BUILT_PRODUCTS_DIR)/LeafLens.app/$(BUNDLE_EXECUTABLE_FOLDER_PATH)/LeafLens";
			};
			name = Debug;
		};
		CBC67F442DBAC8960021EADD /* Release */ = {
			isa = XCBuildConfiguration;
			buildSettings = {
				BUNDLE_LOADER = "$(TEST_HOST)";
				CODE_SIGN_STYLE = Automatic;
				CURRENT_PROJECT_VERSION = 1;
				DEVELOPMENT_TEAM = 4G867C2363;
				GENERATE_INFOPLIST_FILE = YES;
				IPHONEOS_DEPLOYMENT_TARGET = 18.4;
				MARKETING_VERSION = 1.0;
				PRODUCT_BUNDLE_IDENTIFIER = wgermansoftware.LeafLensTests;
				PRODUCT_NAME = "$(TARGET_NAME)";
				SWIFT_EMIT_LOC_STRINGS = NO;
				SWIFT_VERSION = 5.0;
				TARGETED_DEVICE_FAMILY = "1,2";
				TEST_HOST = "$(BUILT_PRODUCTS_DIR)/LeafLens.app/$(BUNDLE_EXECUTABLE_FOLDER_PATH)/LeafLens";
			};
			name = Release;
		};
		CBC67F462DBAC8960021EADD /* Debug */ = {
			isa = XCBuildConfiguration;
			buildSettings = {
				CODE_SIGN_STYLE = Automatic;
				CURRENT_PROJECT_VERSION = 1;
				DEVELOPMENT_TEAM = 4G867C2363;
				GENERATE_INFOPLIST_FILE = YES;
				MARKETING_VERSION = 1.0;
				PRODUCT_BUNDLE_IDENTIFIER = wgermansoftware.LeafLensUITests;
				PRODUCT_NAME = "$(TARGET_NAME)";
				SWIFT_EMIT_LOC_STRINGS = NO;
				SWIFT_VERSION = 5.0;
				TARGETED_DEVICE_FAMILY = "1,2";
				TEST_TARGET_NAME = LeafLens;
			};
			name = Debug;
		};
		CBC67F472DBAC8960021EADD /* Release */ = {
			isa = XCBuildConfiguration;
			buildSettings = {
				CODE_SIGN_STYLE = Automatic;
				CURRENT_PROJECT_VERSION = 1;
				DEVELOPMENT_TEAM = 4G867C2363;
				GENERATE_INFOPLIST_FILE = YES;
				MARKETING_VERSION = 1.0;
				PRODUCT_BUNDLE_IDENTIFIER = wgermansoftware.LeafLensUITests;
				PRODUCT_NAME = "$(TARGET_NAME)";
				SWIFT_EMIT_LOC_STRINGS = NO;
				SWIFT_VERSION = 5.0;
				TARGETED_DEVICE_FAMILY = "1,2";
				TEST_TARGET_NAME = LeafLens;
			};
			name = Release;
		};
/* End XCBuildConfiguration section */

/* Begin XCConfigurationList section */
		CBC67F192DBAC8960021EADD /* Build configuration list for PBXProject "LeafLens" */ = {
			isa = XCConfigurationList;
			buildConfigurations = (
				CBC67F3D2DBAC8960021EADD /* Debug */,
				CBC67F3E2DBAC8960021EADD /* Release */,
			);
			defaultConfigurationIsVisible = 0;
			defaultConfigurationName = Release;
		};
		CBC67F3F2DBAC8960021EADD /* Build configuration list for PBXNativeTarget "LeafLens" */ = {
			isa = XCConfigurationList;
			buildConfigurations = (
				CBC67F402DBAC8960021EADD /* Debug */,
				CBC67F412DBAC8960021EADD /* Release */,
			);
			defaultConfigurationIsVisible = 0;
			defaultConfigurationName = Release;
		};
		CBC67F422DBAC8960021EADD /* Build configuration list for PBXNativeTarget "LeafLensTests" */ = {
			isa = XCConfigurationList;
			buildConfigurations = (
				CBC67F432DBAC8960021EADD /* Debug */,
				CBC67F442DBAC8960021EADD /* Release */,
			);
			defaultConfigurationIsVisible = 0;
			defaultConfigurationName = Release;
		};
		CBC67F452DBAC8960021EADD /* Build configuration list for PBXNativeTarget "LeafLensUITests" */ = {
			isa = XCConfigurationList;
			buildConfigurations = (
				CBC67F462DBAC8960021EADD /* Debug */,
				CBC67F472DBAC8960021EADD /* Release */,
			);
			defaultConfigurationIsVisible = 0;
			defaultConfigurationName = Release;
		};
/* End XCConfigurationList section */

/* Begin XCRemoteSwiftPackageReference section */
		CB85905B2DBAFB1C0040FFBB /* XCRemoteSwiftPackageReference "supabase-swift" */ = {
			isa = XCRemoteSwiftPackageReference;
			repositoryURL = "https://github.com/supabase/supabase-swift.git";
			requirement = {
				kind = upToNextMajorVersion;
				minimumVersion = 2.5.1;
			};
		};
/* End XCRemoteSwiftPackageReference section */

/* Begin XCSwiftPackageProductDependency section */
		CB8590602DBAFC700040FFBB /* Supabase */ = {
			isa = XCSwiftPackageProductDependency;
			package = CB85905B2DBAFB1C0040FFBB /* XCRemoteSwiftPackageReference "supabase-swift" */;
			productName = Supabase;
		};
/* End XCSwiftPackageProductDependency section */
	};
	rootObject = CBC67F162DBAC8960021EADD /* Project object */;
}
